
Microsoft Visual Studio Solution File, Format Version 12.00
# Visual Studio 15
VisualStudioVersion = 15.0.28307.102
MinimumVisualStudioVersion = 10.0.40219.1
Project("{FAE04EC0-301F-11D3-BF4B-00C04F79EFBC}") = "VidlyTut", "VidlyTut\VidlyTut.csproj", "{421923B0-CE43-4583-8C50-072EF8361A8F}"
EndProject
Project("{FAE04EC0-301F-11D3-BF4B-00C04F79EFBC}") = "VidlyTut.Tests", "VidlyTut.Tests\VidlyTut.Tests.csproj", "{C53DC567-68C7-43BF-9A09-B57967D04F60}"
EndProject
Global
	GlobalSection(SolutionConfigurationPlatforms) = preSolution
		Debug|Any CPU = Debug|Any CPU
		Release|Any CPU = Release|Any CPU
	EndGlobalSection
	GlobalSection(ProjectConfigurationPlatforms) = postSolution
		{421923B0-CE43-4583-8C50-072EF8361A8F}.Debug|Any CPU.ActiveCfg = Debug|Any CPU
		{421923B0-CE43-4583-8C50-072EF8361A8F}.Debug|Any CPU.Build.0 = Debug|Any CPU
		{421923B0-CE43-4583-8C50-072EF8361A8F}.Release|Any CPU.ActiveCfg = Release|Any CPU
		{421923B0-CE43-4583-8C50-072EF8361A8F}.Release|Any CPU.Build.0 = Release|Any CPU
		{C53DC567-68C7-43BF-9A09-B57967D04F60}.Debug|Any CPU.ActiveCfg = Debug|Any CPU
		{C53DC567-68C7-43BF-9A09-B57967D04F60}.Debug|Any CPU.Build.0 = Debug|Any CPU
		{C53DC567-68C7-43BF-9A09-B57967D04F60}.Release|Any CPU.ActiveCfg = Release|Any CPU
		{C53DC567-68C7-43BF-9A09-B57967D04F60}.Release|Any CPU.Build.0 = Release|Any CPU
	EndGlobalSection
	GlobalSection(SolutionProperties) = preSolution
		HideSolutionNode = FALSE
	EndGlobalSection
	GlobalSection(ExtensibilityGlobals) = postSolution
		SolutionGuid = {4F22D47B-EA37-4852-88E2-CC3B8C0EC70F}
	EndGlobalSection
EndGlobal
